
Microsoft Visual Studio Solution File, Format Version 12.00
# Visual Studio Version 16
VisualStudioVersion = 16.0.31702.278
MinimumVisualStudioVersion = 10.0.40219.1
Project("{FAE04EC0-301F-11D3-BF4B-00C04F79EFBC}") = "Orchard CSD Lvl 3", "Orchard CSD Lvl 3\Orchard CSD Lvl 3.csproj", "{1C05BA67-1BFF-4D1A-8D5D-D0BC9D905DF1}"
EndProject
Global
	GlobalSection(SolutionConfigurationPlatforms) = preSolution
		Debug|Any CPU = Debug|Any CPU
		Release|Any CPU = Release|Any CPU
	EndGlobalSection
	GlobalSection(ProjectConfigurationPlatforms) = postSolution
		{1C05BA67-1BFF-4D1A-8D5D-D0BC9D905DF1}.Debug|Any CPU.ActiveCfg = Debug|Any CPU
		{1C05BA67-1BFF-4D1A-8D5D-D0BC9D905DF1}.Debug|Any CPU.Build.0 = Debug|Any CPU
		{1C05BA67-1BFF-4D1A-8D5D-D0BC9D905DF1}.Release|Any CPU.ActiveCfg = Release|Any CPU
		{1C05BA67-1BFF-4D1A-8D5D-D0BC9D905DF1}.Release|Any CPU.Build.0 = Release|Any CPU
	EndGlobalSection
	GlobalSection(SolutionProperties) = preSolution
		HideSolutionNode = FALSE
	EndGlobalSection
	GlobalSection(ExtensibilityGlobals) = postSolution
		SolutionGuid = {4AE31796-6E5D-4B9A-B1F3-3D1E9CC0BAAA}
	EndGlobalSection
EndGlobal
